
Microsoft Visual Studio Solution File, Format Version 12.00
Project("{FAE04EC0-301F-11D3-BF4B-00C04F79EFBC}") = "MemoryScramble.Server", "src\MemoryScramble.Server\MemoryScramble.Server.csproj", "{043FE7F4-B5A7-4478-9943-B903CD49AA6E}"
EndProject
Project("{2150E333-8FDC-42A3-9474-1A3956D46DE8}") = "Solution Items", "Solution Items", "{4C76D567-072B-4CE9-A942-63F5A3ABB9DA}"
	ProjectSection(SolutionItems) = preProject
		compose.yaml = compose.yaml
	EndProjectSection
EndProject
Project("{FAE04EC0-301F-11D3-BF4B-00C04F79EFBC}") = "MemoryScramble.Core", "src\MemoryScramble.Core\MemoryScramble.Core.csproj", "{87C968BD-16D8-4C26-A842-C563F5EB9BD3}"
EndProject
Project("{FAE04EC0-301F-11D3-BF4B-00C04F79EFBC}") = "MemoryScramble.Core.Tests", "tests\MemoryScramble.Core.Tests\MemoryScramble.Core.Tests.csproj", "{58645A16-0234-4387-A6F7-2C0572D61423}"
EndProject
Global
	GlobalSection(SolutionConfigurationPlatforms) = preSolution
		Debug|Any CPU = Debug|Any CPU
		Release|Any CPU = Release|Any CPU
	EndGlobalSection
	GlobalSection(ProjectConfigurationPlatforms) = postSolution
		{043FE7F4-B5A7-4478-9943-B903CD49AA6E}.Debug|Any CPU.ActiveCfg = Debug|Any CPU
		{043FE7F4-B5A7-4478-9943-B903CD49AA6E}.Debug|Any CPU.Build.0 = Debug|Any CPU
		{043FE7F4-B5A7-4478-9943-B903CD49AA6E}.Release|Any CPU.ActiveCfg = Release|Any CPU
		{043FE7F4-B5A7-4478-9943-B903CD49AA6E}.Release|Any CPU.Build.0 = Release|Any CPU
		{87C968BD-16D8-4C26-A842-C563F5EB9BD3}.Debug|Any CPU.ActiveCfg = Debug|Any CPU
		{87C968BD-16D8-4C26-A842-C563F5EB9BD3}.Debug|Any CPU.Build.0 = Debug|Any CPU
		{87C968BD-16D8-4C26-A842-C563F5EB9BD3}.Release|Any CPU.ActiveCfg = Release|Any CPU
		{87C968BD-16D8-4C26-A842-C563F5EB9BD3}.Release|Any CPU.Build.0 = Release|Any CPU
		{58645A16-0234-4387-A6F7-2C0572D61423}.Debug|Any CPU.ActiveCfg = Debug|Any CPU
		{58645A16-0234-4387-A6F7-2C0572D61423}.Debug|Any CPU.Build.0 = Debug|Any CPU
		{58645A16-0234-4387-A6F7-2C0572D61423}.Release|Any CPU.ActiveCfg = Release|Any CPU
		{58645A16-0234-4387-A6F7-2C0572D61423}.Release|Any CPU.Build.0 = Release|Any CPU
	EndGlobalSection
EndGlobal
